// !$*UTF8*$!
{
	archiveVersion = 1;
	classes = {
	};
	objectVersion = 55;
	objects = {

/* Begin PBXBuildFile section */
		2C9023FE273837BC006324B9 /* AppDelegate.swift in Sources */ = {isa = PBXBuildFile; fileRef = 2C9023FD273837BC006324B9 /* AppDelegate.swift */; };
		2C902400273837BC006324B9 /* SceneDelegate.swift in Sources */ = {isa = PBXBuildFile; fileRef = 2C9023FF273837BC006324B9 /* SceneDelegate.swift */; };
		2C902402273837BC006324B9 /* ViewController.swift in Sources */ = {isa = PBXBuildFile; fileRef = 2C902401273837BC006324B9 /* ViewController.swift */; };
		2C902405273837BC006324B9 /* Main.storyboard in Resources */ = {isa = PBXBuildFile; fileRef = 2C902403273837BC006324B9 /* Main.storyboard */; };
		2C902407273837C0006324B9 /* Assets.xcassets in Resources */ = {isa = PBXBuildFile; fileRef = 2C902406273837C0006324B9 /* Assets.xcassets */; };
		2C90240A273837C0006324B9 /* LaunchScreen.storyboard in Resources */ = {isa = PBXBuildFile; fileRef = 2C902408273837C0006324B9 /* LaunchScreen.storyboard */; };
		2C902415273837C0006324B9 /* Covid_TrackerTests.swift in Sources */ = {isa = PBXBuildFile; fileRef = 2C902414273837C0006324B9 /* Covid_TrackerTests.swift */; };
		2C90241F273837C0006324B9 /* Covid_TrackerUITests.swift in Sources */ = {isa = PBXBuildFile; fileRef = 2C90241E273837C0006324B9 /* Covid_TrackerUITests.swift */; };
		2C902421273837C0006324B9 /* Covid_TrackerUITestsLaunchTests.swift in Sources */ = {isa = PBXBuildFile; fileRef = 2C902420273837C0006324B9 /* Covid_TrackerUITestsLaunchTests.swift */; };
/* End PBXBuildFile section */

/* Begin PBXContainerItemProxy section */
		2C902411273837C0006324B9 /* PBXContainerItemProxy */ = {
			isa = PBXContainerItemProxy;
			containerPortal = 2C9023F2273837BC006324B9 /* Project object */;
			proxyType = 1;
			remoteGlobalIDString = 2C9023F9273837BC006324B9;
			remoteInfo = "Covid Tracker";
		};
		2C90241B273837C0006324B9 /* PBXContainerItemProxy */ = {
			isa = PBXContainerItemProxy;
			containerPortal = 2C9023F2273837BC006324B9 /* Project object */;
			proxyType = 1;
			remoteGlobalIDString = 2C9023F9273837BC006324B9;
			remoteInfo = "Covid Tracker";
		};
/* End PBXContainerItemProxy section */

/* Begin PBXFileReference section */
		2C9023FA273837BC006324B9 /* Covid Tracker.app */ = {isa = PBXFileReference; explicitFileType = wrapper.application; includeInIndex = 0; path = "Covid Tracker.app"; sourceTree = BUILT_PRODUCTS_DIR; };
		2C9023FD273837BC006324B9 /* AppDelegate.swift */ = {isa = PBXFileReference; lastKnownFileType = sourcecode.swift; path = AppDelegate.swift; sourceTree = "<group>"; };
		2C9023FF273837BC006324B9 /* SceneDelegate.swift */ = {isa = PBXFileReference; lastKnownFileType = sourcecode.swift; path = SceneDelegate.swift; sourceTree = "<group>"; };
		2C902401273837BC006324B9 /* ViewController.swift */ = {isa = PBXFileReference; lastKnownFileType = sourcecode.swift; path = ViewController.swift; sourceTree = "<group>"; };
		2C902404273837BC006324B9 /* Base */ = {isa = PBXFileReference; lastKnownFileType = file.storyboard; name = Base; path = Base.lproj/Main.storyboard; sourceTree = "<group>"; };
		2C902406273837C0006324B9 /* Assets.xcassets */ = {isa = PBXFileReference; lastKnownFileType = folder.assetcatalog; path = Assets.xcassets; sourceTree = "<group>"; };
		2C902409273837C0006324B9 /* Base */ = {isa = PBXFileReference; lastKnownFileType = file.storyboard; name = Base; path = Base.lproj/LaunchScreen.storyboard; sourceTree = "<group>"; };
		2C90240B273837C0006324B9 /* Info.plist */ = {isa = PBXFileReference; lastKnownFileType = text.plist.xml; path = Info.plist; sourceTree = "<group>"; };
		2C902410273837C0006324B9 /* Covid TrackerTests.xctest */ = {isa = PBXFileReference; explicitFileType = wrapper.cfbundle; includeInIndex = 0; path = "Covid TrackerTests.xctest"; sourceTree = BUILT_PRODUCTS_DIR; };
		2C902414273837C0006324B9 /* Covid_TrackerTests.swift */ = {isa = PBXFileReference; lastKnownFileType = sourcecode.swift; path = Covid_TrackerTests.swift; sourceTree = "<group>"; };
		2C90241A273837C0006324B9 /* Covid TrackerUITests.xctest */ = {isa = PBXFileReference; explicitFileType = wrapper.cfbundle; includeInIndex = 0; path = "Covid TrackerUITests.xctest"; sourceTree = BUILT_PRODUCTS_DIR; };
		2C90241E273837C0006324B9 /* Covid_TrackerUITests.swift */ = {isa = PBXFileReference; lastKnownFileType = sourcecode.swift; path = Covid_TrackerUITests.swift; sourceTree = "<group>"; };
		2C902420273837C0006324B9 /* Covid_TrackerUITestsLaunchTests.swift */ = {isa = PBXFileReference; lastKnownFileType = sourcecode.swift; path = Covid_TrackerUITestsLaunchTests.swift; sourceTree = "<group>"; };
/* End PBXFileReference section */

/* Begin PBXFrameworksBuildPhase section */
		2C9023F7273837BC006324B9 /* Frameworks */ = {
			isa = PBXFrameworksBuildPhase;
			buildActionMask = 2147483647;
			files = (
			);
			runOnlyForDeploymentPostprocessing = 0;
		};
		2C90240D273837C0006324B9 /* Frameworks */ = {
			isa = PBXFrameworksBuildPhase;
			buildActionMask = 2147483647;
			files = (
			);
			runOnlyForDeploymentPostprocessing = 0;
		};
		2C902417273837C0006324B9 /* Frameworks */ = {
			isa = PBXFrameworksBuildPhase;
			buildActionMask = 2147483647;
			files = (
			);
			runOnlyForDeploymentPostprocessing = 0;
		};
/* End PBXFrameworksBuildPhase section */

/* Begin PBXGroup section */
		2C9023F1273837BC006324B9 = {
			isa = PBXGroup;
			children = (
				2C9023FC273837BC006324B9 /* Covid Tracker */,
				2C902413273837C0006324B9 /* Covid TrackerTests */,
				2C90241D273837C0006324B9 /* Covid TrackerUITests */,
				2C9023FB273837BC006324B9 /* Products */,
			);
			sourceTree = "<group>";
		};
		2C9023FB273837BC006324B9 /* Products */ = {
			isa = PBXGroup;
			children = (
				2C9023FA273837BC006324B9 /* Covid Tracker.app */,
				2C902410273837C0006324B9 /* Covid TrackerTests.xctest */,
				2C90241A273837C0006324B9 /* Covid TrackerUITests.xctest */,
			);
			name = Products;
			sourceTree = "<group>";
		};
		2C9023FC273837BC006324B9 /* Covid Tracker */ = {
			isa = PBXGroup;
			children = (
				2C9023FD273837BC006324B9 /* AppDelegate.swift */,
				2C9023FF273837BC006324B9 /* SceneDelegate.swift */,
				2C902401273837BC006324B9 /* ViewController.swift */,
				2C902403273837BC006324B9 /* Main.storyboard */,
				2C902406273837C0006324B9 /* Assets.xcassets */,
				2C902408273837C0006324B9 /* LaunchScreen.storyboard */,
				2C90240B273837C0006324B9 /* Info.plist */,
			);
			path = "Covid Tracker";
			sourceTree = "<group>";
		};
		2C902413273837C0006324B9 /* Covid TrackerTests */ = {
			isa = PBXGroup;
			children = (
				2C902414273837C0006324B9 /* Covid_TrackerTests.swift */,
			);
			path = "Covid TrackerTests";
			sourceTree = "<group>";
		};
		2C90241D273837C0006324B9 /* Covid TrackerUITests */ = {
			isa = PBXGroup;
			children = (
				2C90241E273837C0006324B9 /* Covid_TrackerUITests.swift */,
				2C902420273837C0006324B9 /* Covid_TrackerUITestsLaunchTests.swift */,
			);
			path = "Covid TrackerUITests";
			sourceTree = "<group>";
		};
/* End PBXGroup section */

/* Begin PBXNativeTarget section */
		2C9023F9273837BC006324B9 /* Covid Tracker */ = {
			isa = PBXNativeTarget;
			buildConfigurationList = 2C902424273837C0006324B9 /* Build configuration list for PBXNativeTarget "Covid Tracker" */;
			buildPhases = (
				2C9023F6273837BC006324B9 /* Sources */,
				2C9023F7273837BC006324B9 /* Frameworks */,
				2C9023F8273837BC006324B9 /* Resources */,
			);
			buildRules = (
			);
			dependencies = (
			);
			name = "Covid Tracker";
			productName = "Covid Tracker";
			productReference = 2C9023FA273837BC006324B9 /* Covid Tracker.app */;
			productType = "com.apple.product-type.application";
		};
		2C90240F273837C0006324B9 /* Covid TrackerTests */ = {
			isa = PBXNativeTarget;
			buildConfigurationList = 2C902427273837C0006324B9 /* Build configuration list for PBXNativeTarget "Covid TrackerTests" */;
			buildPhases = (
				2C90240C273837C0006324B9 /* Sources */,
				2C90240D273837C0006324B9 /* Frameworks */,
				2C90240E273837C0006324B9 /* Resources */,
			);
			buildRules = (
			);
			dependencies = (
				2C902412273837C0006324B9 /* PBXTargetDependency */,
			);
			name = "Covid TrackerTests";
			productName = "Covid TrackerTests";
			productReference = 2C902410273837C0006324B9 /* Covid TrackerTests.xctest */;
			productType = "com.apple.product-type.bundle.unit-test";
		};
		2C902419273837C0006324B9 /* Covid TrackerUITests */ = {
			isa = PBXNativeTarget;
			buildConfigurationList = 2C90242A273837C0006324B9 /* Build configuration list for PBXNativeTarget "Covid TrackerUITests" */;
			buildPhases = (
				2C902416273837C0006324B9 /* Sources */,
				2C902417273837C0006324B9 /* Frameworks */,
				2C902418273837C0006324B9 /* Resources */,
			);
			buildRules = (
			);
			dependencies = (
				2C90241C273837C0006324B9 /* PBXTargetDependency */,
			);
			name = "Covid TrackerUITests";
			productName = "Covid TrackerUITests";
			productReference = 2C90241A273837C0006324B9 /* Covid TrackerUITests.xctest */;
			productType = "com.apple.product-type.bundle.ui-testing";
		};
/* End PBXNativeTarget section */

/* Begin PBXProject section */
		2C9023F2273837BC006324B9 /* Project object */ = {
			isa = PBXProject;
			attributes = {
				BuildIndependentTargetsInParallel = 1;
				LastSwiftUpdateCheck = 1300;
				LastUpgradeCheck = 1300;
				TargetAttributes = {
					2C9023F9273837BC006324B9 = {
						CreatedOnToolsVersion = 13.0;
					};
					2C90240F273837C0006324B9 = {
						CreatedOnToolsVersion = 13.0;
						TestTargetID = 2C9023F9273837BC006324B9;
					};
					2C902419273837C0006324B9 = {
						CreatedOnToolsVersion = 13.0;
						TestTargetID = 2C9023F9273837BC006324B9;
					};
				};
			};
			buildConfigurationList = 2C9023F5273837BC006324B9 /* Build configuration list for PBXProject "Covid Tracker" */;
			compatibilityVersion = "Xcode 13.0";
			developmentRegion = en;
			hasScannedForEncodings = 0;
			knownRegions = (
				en,
				Base,
			);
			mainGroup = 2C9023F1273837BC006324B9;
			productRefGroup = 2C9023FB273837BC006324B9 /* Products */;
			projectDirPath = "";
			projectRoot = "";
			targets = (
				2C9023F9273837BC006324B9 /* Covid Tracker */,
				2C90240F273837C0006324B9 /* Covid TrackerTests */,
				2C902419273837C0006324B9 /* Covid TrackerUITests */,
			);
		};
/* End PBXProject section */

/* Begin PBXResourcesBuildPhase section */
		2C9023F8273837BC006324B9 /* Resources */ = {
			isa = PBXResourcesBuildPhase;
			buildActionMask = 2147483647;
			files = (
				2C90240A273837C0006324B9 /* LaunchScreen.storyboard in Resources */,
				2C902407273837C0006324B9 /* Assets.xcassets in Resources */,
				2C902405273837BC006324B9 /* Main.storyboard in Resources */,
			);
			runOnlyForDeploymentPostprocessing = 0;
		};
		2C90240E273837C0006324B9 /* Resources */ = {
			isa = PBXResourcesBuildPhase;
			buildActionMask = 2147483647;
			files = (
			);
			runOnlyForDeploymentPostprocessing = 0;
		};
		2C902418273837C0006324B9 /* Resources */ = {
			isa = PBXResourcesBuildPhase;
			buildActionMask = 2147483647;
			files = (
			);
			runOnlyForDeploymentPostprocessing = 0;
		};
/* End PBXResourcesBuildPhase section */

/* Begin PBXSourcesBuildPhase section */
		2C9023F6273837BC006324B9 /* Sources */ = {
			isa = PBXSourcesBuildPhase;
			buildActionMask = 2147483647;
			files = (
				2C902402273837BC006324B9 /* ViewController.swift in Sources */,
				2C9023FE273837BC006324B9 /* AppDelegate.swift in Sources */,
				2C902400273837BC006324B9 /* SceneDelegate.swift in Sources */,
			);
			runOnlyForDeploymentPostprocessing = 0;
		};
		2C90240C273837C0006324B9 /* Sources */ = {
			isa = PBXSourcesBuildPhase;
			buildActionMask = 2147483647;
			files = (
				2C902415273837C0006324B9 /* Covid_TrackerTests.swift in Sources */,
			);
			runOnlyForDeploymentPostprocessing = 0;
		};
		2C902416273837C0006324B9 /* Sources */ = {
			isa = PBXSourcesBuildPhase;
			buildActionMask = 2147483647;
			files = (
				2C90241F273837C0006324B9 /* Covid_TrackerUITests.swift in Sources */,
				2C902421273837C0006324B9 /* Covid_TrackerUITestsLaunchTests.swift in Sources */,
			);
			runOnlyForDeploymentPostprocessing = 0;
		};
/* End PBXSourcesBuildPhase section */

/* Begin PBXTargetDependency section */
		2C902412273837C0006324B9 /* PBXTargetDependency */ = {
			isa = PBXTargetDependency;
			target = 2C9023F9273837BC006324B9 /* Covid Tracker */;
			targetProxy = 2C902411273837C0006324B9 /* PBXContainerItemProxy */;
		};
		2C90241C273837C0006324B9 /* PBXTargetDependency */ = {
			isa = PBXTargetDependency;
			target = 2C9023F9273837BC006324B9 /* Covid Tracker */;
			targetProxy = 2C90241B273837C0006324B9 /* PBXContainerItemProxy */;
		};
/* End PBXTargetDependency section */

/* Begin PBXVariantGroup section */
		2C902403273837BC006324B9 /* Main.storyboard */ = {
			isa = PBXVariantGroup;
			children = (
				2C902404273837BC006324B9 /* Base */,
			);
			name = Main.storyboard;
			sourceTree = "<group>";
		};
		2C902408273837C0006324B9 /* LaunchScreen.storyboard */ = {
			isa = PBXVariantGroup;
			children = (
				2C902409273837C0006324B9 /* Base */,
			);
			name = LaunchScreen.storyboard;
			sourceTree = "<group>";
		};
/* End PBXVariantGroup section */

/* Begin XCBuildConfiguration section */
		2C902422273837C0006324B9 /* Debug */ = {
			isa = XCBuildConfiguration;
			buildSettings = {
				ALWAYS_SEARCH_USER_PATHS = NO;
				CLANG_ANALYZER_NONNULL = YES;
				CLANG_ANALYZER_NUMBER_OBJECT_CONVERSION = YES_AGGRESSIVE;
				CLANG_CXX_LANGUAGE_STANDARD = "gnu++17";
				CLANG_CXX_LIBRARY = "libc++";
				CLANG_ENABLE_MODULES = YES;
				CLANG_ENABLE_OBJC_ARC = YES;
				CLANG_ENABLE_OBJC_WEAK = YES;
				CLANG_WARN_BLOCK_CAPTURE_AUTORELEASING = YES;
				CLANG_WARN_BOOL_CONVERSION = YES;
				CLANG_WARN_COMMA = YES;
				CLANG_WARN_CONSTANT_CONVERSION = YES;
				CLANG_WARN_DEPRECATED_OBJC_IMPLEMENTATIONS = YES;
				CLANG_WARN_DIRECT_OBJC_ISA_USAGE = YES_ERROR;
				CLANG_WARN_DOCUMENTATION_COMMENTS = YES;
				CLANG_WARN_EMPTY_BODY = YES;
				CLANG_WARN_ENUM_CONVERSION = YES;
				CLANG_WARN_INFINITE_RECURSION = YES;
				CLANG_WARN_INT_CONVERSION = YES;
				CLANG_WARN_NON_LITERAL_NULL_CONVERSION = YES;
				CLANG_WARN_OBJC_IMPLICIT_RETAIN_SELF = YES;
				CLANG_WARN_OBJC_LITERAL_CONVERSION = YES;
				CLANG_WARN_OBJC_ROOT_CLASS = YES_ERROR;
				CLANG_WARN_QUOTED_INCLUDE_IN_FRAMEWORK_HEADER = YES;
				CLANG_WARN_RANGE_LOOP_ANALYSIS = YES;
				CLANG_WARN_STRICT_PROTOTYPES = YES;
				CLANG_WARN_SUSPICIOUS_MOVE = YES;
				CLANG_WARN_UNGUARDED_AVAILABILITY = YES_AGGRESSIVE;
				CLANG_WARN_UNREACHABLE_CODE = YES;
				CLANG_WARN__DUPLICATE_METHOD_MATCH = YES;
				COPY_PHASE_STRIP = NO;
				DEBUG_INFORMATION_FORMAT = dwarf;
				ENABLE_STRICT_OBJC_MSGSEND = YES;
				ENABLE_TESTABILITY = YES;
				GCC_C_LANGUAGE_STANDARD = gnu11;
				GCC_DYNAMIC_NO_PIC = NO;
				GCC_NO_COMMON_BLOCKS = YES;
				GCC_OPTIMIZATION_LEVEL = 0;
				GCC_PREPROCESSOR_DEFINITIONS = (
					"DEBUG=1",
					"$(inherited)",
				);
				GCC_WARN_64_TO_32_BIT_CONVERSION = YES;
				GCC_WARN_ABOUT_RETURN_TYPE = YES_ERROR;
				GCC_WARN_UNDECLARED_SELECTOR = YES;
				GCC_WARN_UNINITIALIZED_AUTOS = YES_AGGRESSIVE;
				GCC_WARN_UNUSED_FUNCTION = YES;
				GCC_WARN_UNUSED_VARIABLE = YES;
				IPHONEOS_DEPLOYMENT_TARGET = 15.0;
				MTL_ENABLE_DEBUG_INFO = INCLUDE_SOURCE;
				MTL_FAST_MATH = YES;
				ONLY_ACTIVE_ARCH = YES;
				SDKROOT = iphoneos;
				SWIFT_ACTIVE_COMPILATION_CONDITIONS = DEBUG;
				SWIFT_OPTIMIZATION_LEVEL = "-Onone";
			};
			name = Debug;
		};
		2C902423273837C0006324B9 /* Release */ = {
			isa = XCBuildConfiguration;
			buildSettings = {
				ALWAYS_SEARCH_USER_PATHS = NO;
				CLANG_ANALYZER_NONNULL = YES;
				CLANG_ANALYZER_NUMBER_OBJECT_CONVERSION = YES_AGGRESSIVE;
				CLANG_CXX_LANGUAGE_STANDARD = "gnu++17";
				CLANG_CXX_LIBRARY = "libc++";
				CLANG_ENABLE_MODULES = YES;
				CLANG_ENABLE_OBJC_ARC = YES;
				CLANG_ENABLE_OBJC_WEAK = YES;
				CLANG_WARN_BLOCK_CAPTURE_AUTORELEASING = YES;
				CLANG_WARN_BOOL_CONVERSION = YES;
				CLANG_WARN_COMMA = YES;
				CLANG_WARN_CONSTANT_CONVERSION = YES;
				CLANG_WARN_DEPRECATED_OBJC_IMPLEMENTATIONS = YES;
				CLANG_WARN_DIRECT_OBJC_ISA_USAGE = YES_ERROR;
				CLANG_WARN_DOCUMENTATION_COMMENTS = YES;
				CLANG_WARN_EMPTY_BODY = YES;
				CLANG_WARN_ENUM_CONVERSION = YES;
				CLANG_WARN_INFINITE_RECURSION = YES;
				CLANG_WARN_INT_CONVERSION = YES;
				CLANG_WARN_NON_LITERAL_NULL_CONVERSION = YES;
				CLANG_WARN_OBJC_IMPLICIT_RETAIN_SELF = YES;
				CLANG_WARN_OBJC_LITERAL_CONVERSION = YES;
				CLANG_WARN_OBJC_ROOT_CLASS = YES_ERROR;
				CLANG_WARN_QUOTED_INCLUDE_IN_FRAMEWORK_HEADER = YES;
				CLANG_WARN_RANGE_LOOP_ANALYSIS = YES;
				CLANG_WARN_STRICT_PROTOTYPES = YES;
				CLANG_WARN_SUSPICIOUS_MOVE = YES;
				CLANG_WARN_UNGUARDED_AVAILABILITY = YES_AGGRESSIVE;
				CLANG_WARN_UNREACHABLE_CODE = YES;
				CLANG_WARN__DUPLICATE_METHOD_MATCH = YES;
				COPY_PHASE_STRIP = NO;
				DEBUG_INFORMATION_FORMAT = "dwarf-with-dsym";
				ENABLE_NS_ASSERTIONS = NO;
				ENABLE_STRICT_OBJC_MSGSEND = YES;
				GCC_C_LANGUAGE_STANDARD = gnu11;
				GCC_NO_COMMON_BLOCKS = YES;
				GCC_WARN_64_TO_32_BIT_CONVERSION = YES;
				GCC_WARN_ABOUT_RETURN_TYPE = YES_ERROR;
				GCC_WARN_UNDECLARED_SELECTOR = YES;
				GCC_WARN_UNINITIALIZED_AUTOS = YES_AGGRESSIVE;
				GCC_WARN_UNUSED_FUNCTION = YES;
				GCC_WARN_UNUSED_VARIABLE = YES;
				IPHONEOS_DEPLOYMENT_TARGET = 15.0;
				MTL_ENABLE_DEBUG_INFO = NO;
				MTL_FAST_MATH = YES;
				SDKROOT = iphoneos;
				SWIFT_COMPILATION_MODE = wholemodule;
				SWIFT_OPTIMIZATION_LEVEL = "-O";
				VALIDATE_PRODUCT = YES;
			};
			name = Release;
		};
		2C902425273837C0006324B9 /* Debug */ = {
			isa = XCBuildConfiguration;
			buildSettings = {
				ASSETCATALOG_COMPILER_APPICON_NAME = AppIcon;
				ASSETCATALOG_COMPILER_GLOBAL_ACCENT_COLOR_NAME = AccentColor;
				CODE_SIGN_STYLE = Automatic;
				CURRENT_PROJECT_VERSION = 1;
				GENERATE_INFOPLIST_FILE = YES;
				INFOPLIST_FILE = "Covid Tracker/Info.plist";
				INFOPLIST_KEY_UIApplicationSupportsIndirectInputEvents = YES;
				INFOPLIST_KEY_UILaunchStoryboardName = LaunchScreen;
				INFOPLIST_KEY_UIMainStoryboardFile = Main;
				INFOPLIST_KEY_UISupportedInterfaceOrientations_iPad = "UIInterfaceOrientationPortrait UIInterfaceOrientationPortraitUpsideDown UIInterfaceOrientationLandscapeLeft UIInterfaceOrientationLandscapeRight";
				INFOPLIST_KEY_UISupportedInterfaceOrientations_iPhone = "UIInterfaceOrientationPortrait UIInterfaceOrientationLandscapeLeft UIInterfaceOrientationLandscapeRight";
				LD_RUNPATH_SEARCH_PATHS = (
					"$(inherited)",
					"@executable_path/Frameworks",
				);
				MARKETING_VERSION = 1.0;
				PRODUCT_BUNDLE_IDENTIFIER = "SahilBansal.Covid-Tracker";
				PRODUCT_NAME = "$(TARGET_NAME)";
				SWIFT_EMIT_LOC_STRINGS = YES;
				SWIFT_VERSION = 5.0;
				TARGETED_DEVICE_FAMILY = "1,2";
			};
			name = Debug;
		};
		2C902426273837C0006324B9 /* Release */ = {
			isa = XCBuildConfiguration;
			buildSettings = {
				ASSETCATALOG_COMPILER_APPICON_NAME = AppIcon;
				ASSETCATALOG_COMPILER_GLOBAL_ACCENT_COLOR_NAME = AccentColor;
				CODE_SIGN_STYLE = Automatic;
				CURRENT_PROJECT_VERSION = 1;
				GENERATE_INFOPLIST_FILE = YES;
				INFOPLIST_FILE = "Covid Tracker/Info.plist";
				INFOPLIST_KEY_UIApplicationSupportsIndirectInputEvents = YES;
				INFOPLIST_KEY_UILaunchStoryboardName = LaunchScreen;
				INFOPLIST_KEY_UIMainStoryboardFile = Main;
				INFOPLIST_KEY_UISupportedInterfaceOrientations_iPad = "UIInterfaceOrientationPortrait UIInterfaceOrientationPortraitUpsideDown UIInterfaceOrientationLandscapeLeft UIInterfaceOrientationLandscapeRight";
				INFOPLIST_KEY_UISupportedInterfaceOrientations_iPhone = "UIInterfaceOrientationPortrait UIInterfaceOrientationLandscapeLeft UIInterfaceOrientationLandscapeRight";
				LD_RUNPATH_SEARCH_PATHS = (
					"$(inherited)",
					"@executable_path/Frameworks",
				);
				MARKETING_VERSION = 1.0;
				PRODUCT_BUNDLE_IDENTIFIER = "SahilBansal.Covid-Tracker";
				PRODUCT_NAME = "$(TARGET_NAME)";
				SWIFT_EMIT_LOC_STRINGS = YES;
				SWIFT_VERSION = 5.0;
				TARGETED_DEVICE_FAMILY = "1,2";
			};
			name = Release;
		};
		2C902428273837C0006324B9 /* Debug */ = {
			isa = XCBuildConfiguration;
			buildSettings = {
				ALWAYS_EMBED_SWIFT_STANDARD_LIBRARIES = YES;
				BUNDLE_LOADER = "$(TEST_HOST)";
				CODE_SIGN_STYLE = Automatic;
				CURRENT_PROJECT_VERSION = 1;
				GENERATE_INFOPLIST_FILE = YES;
				IPHONEOS_DEPLOYMENT_TARGET = 15.0;
				LD_RUNPATH_SEARCH_PATHS = (
					"$(inherited)",
					"@executable_path/Frameworks",
					"@loader_path/Frameworks",
				);
				MARKETING_VERSION = 1.0;
				PRODUCT_BUNDLE_IDENTIFIER = "SahilBansal.Covid-TrackerTests";
				PRODUCT_NAME = "$(TARGET_NAME)";
				SWIFT_EMIT_LOC_STRINGS = NO;
				SWIFT_VERSION = 5.0;
				TARGETED_DEVICE_FAMILY = "1,2";
				TEST_HOST = "$(BUILT_PRODUCTS_DIR)/Covid Tracker.app/Covid Tracker";
			};
			name = Debug;
		};
		2C902429273837C0006324B9 /* Release */ = {
			isa = XCBuildConfiguration;
			buildSettings = {
				ALWAYS_EMBED_SWIFT_STANDARD_LIBRARIES = YES;
				BUNDLE_LOADER = "$(TEST_HOST)";
				CODE_SIGN_STYLE = Automatic;
				CURRENT_PROJECT_VERSION = 1;
				GENERATE_INFOPLIST_FILE = YES;
				IPHONEOS_DEPLOYMENT_TARGET = 15.0;
				LD_RUNPATH_SEARCH_PATHS = (
					"$(inherited)",
					"@executable_path/Frameworks",
					"@loader_path/Frameworks",
				);
				MARKETING_VERSION = 1.0;
				PRODUCT_BUNDLE_IDENTIFIER = "SahilBansal.Covid-TrackerTests";
				PRODUCT_NAME = "$(TARGET_NAME)";
				SWIFT_EMIT_LOC_STRINGS = NO;
				SWIFT_VERSION = 5.0;
				TARGETED_DEVICE_FAMILY = "1,2";
				TEST_HOST = "$(BUILT_PRODUCTS_DIR)/Covid Tracker.app/Covid Tracker";
			};
			name = Release;
		};
		2C90242B273837C0006324B9 /* Debug */ = {
			isa = XCBuildConfiguration;
			buildSettings = {
				ALWAYS_EMBED_SWIFT_STANDARD_LIBRARIES = YES;
				CODE_SIGN_STYLE = Automatic;
				CURRENT_PROJECT_VERSION = 1;
				GENERATE_INFOPLIST_FILE = YES;
				LD_RUNPATH_SEARCH_PATHS = (
					"$(inherited)",
					"@executable_path/Frameworks",
					"@loader_path/Frameworks",
				);
				MARKETING_VERSION = 1.0;
				PRODUCT_BUNDLE_IDENTIFIER = "SahilBansal.Covid-TrackerUITests";
				PRODUCT_NAME = "$(TARGET_NAME)";
				SWIFT_EMIT_LOC_STRINGS = NO;
				SWIFT_VERSION = 5.0;
				TARGETED_DEVICE_FAMILY = "1,2";
				TEST_TARGET_NAME = "Covid Tracker";
			};
			name = Debug;
		};
		2C90242C273837C0006324B9 /* Release */ = {
			isa = XCBuildConfiguration;
			buildSettings = {
				ALWAYS_EMBED_SWIFT_STANDARD_LIBRARIES = YES;
				CODE_SIGN_STYLE = Automatic;
				CURRENT_PROJECT_VERSION = 1;
				GENERATE_INFOPLIST_FILE = YES;
				LD_RUNPATH_SEARCH_PATHS = (
					"$(inherited)",
					"@executable_path/Frameworks",
					"@loader_path/Frameworks",
				);
				MARKETING_VERSION = 1.0;
				PRODUCT_BUNDLE_IDENTIFIER = "SahilBansal.Covid-TrackerUITests";
				PRODUCT_NAME = "$(TARGET_NAME)";
				SWIFT_EMIT_LOC_STRINGS = NO;
				SWIFT_VERSION = 5.0;
				TARGETED_DEVICE_FAMILY = "1,2";
				TEST_TARGET_NAME = "Covid Tracker";
			};
			name = Release;
		};
/* End XCBuildConfiguration section */

/* Begin XCConfigurationList section */
		2C9023F5273837BC006324B9 /* Build configuration list for PBXProject "Covid Tracker" */ = {
			isa = XCConfigurationList;
			buildConfigurations = (
				2C902422273837C0006324B9 /* Debug */,
				2C902423273837C0006324B9 /* Release */,
			);
			defaultConfigurationIsVisible = 0;
			defaultConfigurationName = Release;
		};
		2C902424273837C0006324B9 /* Build configuration list for PBXNativeTarget "Covid Tracker" */ = {
			isa = XCConfigurationList;
			buildConfigurations = (
				2C902425273837C0006324B9 /* Debug */,
				2C902426273837C0006324B9 /* Release */,
			);
			defaultConfigurationIsVisible = 0;
			defaultConfigurationName = Release;
		};
		2C902427273837C0006324B9 /* Build configuration list for PBXNativeTarget "Covid TrackerTests" */ = {
			isa = XCConfigurationList;
			buildConfigurations = (
				2C902428273837C0006324B9 /* Debug */,
				2C902429273837C0006324B9 /* Release */,
			);
			defaultConfigurationIsVisible = 0;
			defaultConfigurationName = Release;
		};
		2C90242A273837C0006324B9 /* Build configuration list for PBXNativeTarget "Covid TrackerUITests" */ = {
			isa = XCConfigurationList;
			buildConfigurations = (
				2C90242B273837C0006324B9 /* Debug */,
				2C90242C273837C0006324B9 /* Release */,
			);
			defaultConfigurationIsVisible = 0;
			defaultConfigurationName = Release;
		};
/* End XCConfigurationList section */
	};
	rootObject = 2C9023F2273837BC006324B9 /* Project object */;
}
